# This file is generated by running "yarn install" inside your project.
# Manual changes might be lost - proceed with caution!

__metadata:
  version: 8
  cacheKey: 10c0

"@nutrient-sdk/viewer@npm:1.6.0":
  version: 1.6.0
  resolution: "@nutrient-sdk/viewer@npm:1.6.0"
  dependencies:
    "@types/react": "npm:^18.0.0"
  checksum: 10c0/d7c0b30441b14b8ecb1bd8268d1b54a87512539ea6d77ea60db87a1914779b0562acdb572e4f22de2ad23044dee79ecd37a2e1702066009e509e7caf000e3c7f
  languageName: node
  linkType: hard

"@types/prop-types@npm:*":
  version: 15.7.15
  resolution: "@types/prop-types@npm:15.7.15"
  checksum: 10c0/b59aad1ad19bf1733cf524fd4e618196c6c7690f48ee70a327eb450a42aab8e8a063fbe59ca0a5701aebe2d92d582292c0fb845ea57474f6a15f6994b0e260b2
  languageName: node
  linkType: hard

"@types/react@npm:^18.0.0":
  version: 18.3.23
  resolution: "@types/react@npm:18.3.23"
  dependencies:
    "@types/prop-types": "npm:*"
    csstype: "npm:^3.0.2"
  checksum: 10c0/49331800b76572eb2992a5c44801dbf8c612a5f99c8f4e4200f06c7de6f3a6e9455c661784a6c5469df96fa45622cb4a9d0982c44e6a0d5719be5f2ef1f545ed
  languageName: node
  linkType: hard

"csstype@npm:^3.0.2":
  version: 3.1.3
  resolution: "csstype@npm:3.1.3"
  checksum: 10c0/80c089d6f7e0c5b2bd83cf0539ab41474198579584fa10d86d0cafe0642202343cbc119e076a0b1aece191989477081415d66c9fefbf3c957fc2fc4b7009f248
  languageName: node
  linkType: hard

"pspdfkit@npm:2023.4.6":
  version: 2023.4.6
  resolution: "pspdfkit@npm:2023.4.6"
  checksum: 10c0/0af4bf155eb169620cb0b3ff7c1f5badf0394d211a768efa0602f79f1b027458cd33de1b915ca1085fab141954f58add206cbc0dc9befc6969dbd1f93a6649c5
  languageName: node
  linkType: hard

"viewer-bug@workspace:.":
  version: 0.0.0-use.local
  resolution: "viewer-bug@workspace:."
  dependencies:
    "@nutrient-sdk/viewer": "npm:1.6.0"
    pspdfkit: "npm:2023.4.6"
  languageName: unknown
  linkType: soft
